// !$*UTF8*$!
{
	archiveVersion = 1;
	classes = {
	};
	objectVersion = 46;
	objects = {

/* Begin PBXBuildFile section */
		213001DE1C50957A00CC1B66 /* sunset.jpg in Resources */ = {isa = PBXBuildFile; fileRef = 213001DD1C50957A00CC1B66 /* sunset.jpg */; };
		213001E21C50A74F00CC1B66 /* sunset for launch.jpg in Resources */ = {isa = PBXBuildFile; fileRef = 213001E11C50A74F00CC1B66 /* sunset for launch.jpg */; };
		213001F01C50AFAE00CC1B66 /* sunset - icon - dribble.png in Resources */ = {isa = PBXBuildFile; fileRef = 213001EF1C50AFAE00CC1B66 /* sunset - icon - dribble.png */; };
		213001F21C50B01600CC1B66 /* sunset - dribble - 180.png in Resources */ = {isa = PBXBuildFile; fileRef = 213001F11C50B01600CC1B66 /* sunset - dribble - 180.png */; };
		219F47991C4E504C00D0BAE5 /* AppDelegate.swift in Sources */ = {isa = PBXBuildFile; fileRef = 219F47981C4E504C00D0BAE5 /* AppDelegate.swift */; };
		219F479B1C4E504C00D0BAE5 /* ViewController.swift in Sources */ = {isa = PBXBuildFile; fileRef = 219F479A1C4E504C00D0BAE5 /* ViewController.swift */; };
		219F479E1C4E504C00D0BAE5 /* Main.storyboard in Resources */ = {isa = PBXBuildFile; fileRef = 219F479C1C4E504C00D0BAE5 /* Main.storyboard */; };
		219F47A01C4E504C00D0BAE5 /* Assets.xcassets in Resources */ = {isa = PBXBuildFile; fileRef = 219F479F1C4E504C00D0BAE5 /* Assets.xcassets */; };
		219F47A31C4E504C00D0BAE5 /* LaunchScreen.storyboard in Resources */ = {isa = PBXBuildFile; fileRef = 219F47A11C4E504C00D0BAE5 /* LaunchScreen.storyboard */; };
		21F2F3851C4E9C5600C91A67 /* sunset.swift in Sources */ = {isa = PBXBuildFile; fileRef = 21F2F3841C4E9C5600C91A67 /* sunset.swift */; };
/* End PBXBuildFile section */

/* Begin PBXFileReference section */
		213001DD1C50957A00CC1B66 /* sunset.jpg */ = {isa = PBXFileReference; lastKnownFileType = image.jpeg; path = sunset.jpg; sourceTree = "<group>"; };
		213001E01C50A6AD00CC1B66 /* en */ = {isa = PBXFileReference; lastKnownFileType = text.plist.strings; name = en; path = en.lproj/Main.strings; sourceTree = "<group>"; };
		213001E11C50A74F00CC1B66 /* sunset for launch.jpg */ = {isa = PBXFileReference; lastKnownFileType = image.jpeg; path = "sunset for launch.jpg"; sourceTree = "<group>"; };
		213001EF1C50AFAE00CC1B66 /* sunset - icon - dribble.png */ = {isa = PBXFileReference; lastKnownFileType = image.png; path = "sunset - icon - dribble.png"; sourceTree = "<group>"; };
		213001F11C50B01600CC1B66 /* sunset - dribble - 180.png */ = {isa = PBXFileReference; lastKnownFileType = image.png; path = "sunset - dribble - 180.png"; sourceTree = "<group>"; };
		219F47951C4E504C00D0BAE5 /* All Sunsets.app */ = {isa = PBXFileReference; explicitFileType = wrapper.application; includeInIndex = 0; path = "All Sunsets.app"; sourceTree = BUILT_PRODUCTS_DIR; };
		219F47981C4E504C00D0BAE5 /* AppDelegate.swift */ = {isa = PBXFileReference; lastKnownFileType = sourcecode.swift; path = AppDelegate.swift; sourceTree = "<group>"; };
		219F479A1C4E504C00D0BAE5 /* ViewController.swift */ = {isa = PBXFileReference; lastKnownFileType = sourcecode.swift; path = ViewController.swift; sourceTree = "<group>"; };
		219F479D1C4E504C00D0BAE5 /* Base */ = {isa = PBXFileReference; lastKnownFileType = file.storyboard; name = Base; path = Base.lproj/Main.storyboard; sourceTree = "<group>"; };
		219F479F1C4E504C00D0BAE5 /* Assets.xcassets */ = {isa = PBXFileReference; lastKnownFileType = folder.assetcatalog; path = Assets.xcassets; sourceTree = "<group>"; };
		219F47A21C4E504C00D0BAE5 /* Base */ = {isa = PBXFileReference; lastKnownFileType = file.storyboard; name = Base; path = Base.lproj/LaunchScreen.storyboard; sourceTree = "<group>"; };
		219F47A41C4E504C00D0BAE5 /* Info.plist */ = {isa = PBXFileReference; lastKnownFileType = text.plist.xml; path = Info.plist; sourceTree = "<group>"; };
		21F2F3841C4E9C5600C91A67 /* sunset.swift */ = {isa = PBXFileReference; fileEncoding = 4; lastKnownFileType = sourcecode.swift; path = sunset.swift; sourceTree = "<group>"; };
/* End PBXFileReference section */

/* Begin PBXFrameworksBuildPhase section */
		219F47921C4E504C00D0BAE5 /* Frameworks */ = {
			isa = PBXFrameworksBuildPhase;
			buildActionMask = 2147483647;
			files = (
			);
			runOnlyForDeploymentPostprocessing = 0;
		};
/* End PBXFrameworksBuildPhase section */

/* Begin PBXGroup section */
		219F478C1C4E504C00D0BAE5 = {
			isa = PBXGroup;
			children = (
				219F47971C4E504C00D0BAE5 /* All Sunsets */,
				219F47961C4E504C00D0BAE5 /* Products */,
			);
			sourceTree = "<group>";
		};
		219F47961C4E504C00D0BAE5 /* Products */ = {
			isa = PBXGroup;
			children = (
				219F47951C4E504C00D0BAE5 /* All Sunsets.app */,
			);
			name = Products;
			sourceTree = "<group>";
		};
		219F47971C4E504C00D0BAE5 /* All Sunsets */ = {
			isa = PBXGroup;
			children = (
				219F47981C4E504C00D0BAE5 /* AppDelegate.swift */,
				219F479A1C4E504C00D0BAE5 /* ViewController.swift */,
				219F479C1C4E504C00D0BAE5 /* Main.storyboard */,
				219F479F1C4E504C00D0BAE5 /* Assets.xcassets */,
				219F47A11C4E504C00D0BAE5 /* LaunchScreen.storyboard */,
				219F47A41C4E504C00D0BAE5 /* Info.plist */,
				21F2F3841C4E9C5600C91A67 /* sunset.swift */,
				213001E11C50A74F00CC1B66 /* sunset for launch.jpg */,
				213001DD1C50957A00CC1B66 /* sunset.jpg */,
				213001F11C50B01600CC1B66 /* sunset - dribble - 180.png */,
				213001EF1C50AFAE00CC1B66 /* sunset - icon - dribble.png */,
			);
			path = "All Sunsets";
			sourceTree = "<group>";
		};
/* End PBXGroup section */

/* Begin PBXNativeTarget section */
		219F47941C4E504C00D0BAE5 /* All Sunsets */ = {
			isa = PBXNativeTarget;
			buildConfigurationList = 219F47A71C4E504C00D0BAE5 /* Build configuration list for PBXNativeTarget "All Sunsets" */;
			buildPhases = (
				219F47911C4E504C00D0BAE5 /* Sources */,
				219F47921C4E504C00D0BAE5 /* Frameworks */,
				219F47931C4E504C00D0BAE5 /* Resources */,
			);
			buildRules = (
			);
			dependencies = (
			);
			name = "All Sunsets";
			productName = "All Sunsets";
			productReference = 219F47951C4E504C00D0BAE5 /* All Sunsets.app */;
			productType = "com.apple.product-type.application";
		};
/* End PBXNativeTarget section */

/* Begin PBXProject section */
		219F478D1C4E504C00D0BAE5 /* Project object */ = {
			isa = PBXProject;
			attributes = {
				LastSwiftUpdateCheck = 0720;
				LastUpgradeCheck = 0720;
				ORGANIZATIONNAME = "Kamps Consulting";
				TargetAttributes = {
					219F47941C4E504C00D0BAE5 = {
						CreatedOnToolsVersion = 7.2;
						DevelopmentTeam = CS93RNPHQZ;
					};
				};
			};
			buildConfigurationList = 219F47901C4E504C00D0BAE5 /* Build configuration list for PBXProject "All Sunsets" */;
			compatibilityVersion = "Xcode 3.2";
			developmentRegion = English;
			hasScannedForEncodings = 0;
			knownRegions = (
				en,
				Base,
			);
			mainGroup = 219F478C1C4E504C00D0BAE5;
			productRefGroup = 219F47961C4E504C00D0BAE5 /* Products */;
			projectDirPath = "";
			projectRoot = "";
			targets = (
				219F47941C4E504C00D0BAE5 /* All Sunsets */,
			);
		};
/* End PBXProject section */

/* Begin PBXResourcesBuildPhase section */
		219F47931C4E504C00D0BAE5 /* Resources */ = {
			isa = PBXResourcesBuildPhase;
			buildActionMask = 2147483647;
			files = (
				213001E21C50A74F00CC1B66 /* sunset for launch.jpg in Resources */,
				219F47A31C4E504C00D0BAE5 /* LaunchScreen.storyboard in Resources */,
				213001F21C50B01600CC1B66 /* sunset - dribble - 180.png in Resources */,
				219F47A01C4E504C00D0BAE5 /* Assets.xcassets in Resources */,
				213001F01C50AFAE00CC1B66 /* sunset - icon - dribble.png in Resources */,
				219F479E1C4E504C00D0BAE5 /* Main.storyboard in Resources */,
				213001DE1C50957A00CC1B66 /* sunset.jpg in Resources */,
			);
			runOnlyForDeploymentPostprocessing = 0;
		};
/* End PBXResourcesBuildPhase section */

/* Begin PBXSourcesBuildPhase section */
		219F47911C4E504C00D0BAE5 /* Sources */ = {
			isa = PBXSourcesBuildPhase;
			buildActionMask = 2147483647;
			files = (
				219F479B1C4E504C00D0BAE5 /* ViewController.swift in Sources */,
				21F2F3851C4E9C5600C91A67 /* sunset.swift in Sources */,
				219F47991C4E504C00D0BAE5 /* AppDelegate.swift in Sources */,
			);
			runOnlyForDeploymentPostprocessing = 0;
		};
/* End PBXSourcesBuildPhase section */

/* Begin PBXVariantGroup section */
		219F479C1C4E504C00D0BAE5 /* Main.storyboard */ = {
			isa = PBXVariantGroup;
			children = (
				219F479D1C4E504C00D0BAE5 /* Base */,
				213001E01C50A6AD00CC1B66 /* en */,
			);
			name = Main.storyboard;
			sourceTree = "<group>";
		};
		219F47A11C4E504C00D0BAE5 /* LaunchScreen.storyboard */ = {
			isa = PBXVariantGroup;
			children = (
				219F47A21C4E504C00D0BAE5 /* Base */,
			);
			name = LaunchScreen.storyboard;
			sourceTree = "<group>";
		};
/* End PBXVariantGroup section */

/* Begin XCBuildConfiguration section */
		219F47A51C4E504C00D0BAE5 /* Debug */ = {
			isa = XCBuildConfiguration;
			buildSettings = {
				ALWAYS_SEARCH_USER_PATHS = NO;
				CLANG_CXX_LANGUAGE_STANDARD = "gnu++0x";
				CLANG_CXX_LIBRARY = "libc++";
				CLANG_ENABLE_MODULES = YES;
				CLANG_ENABLE_OBJC_ARC = YES;
				CLANG_WARN_BOOL_CONVERSION = YES;
				CLANG_WARN_CONSTANT_CONVERSION = YES;
				CLANG_WARN_DIRECT_OBJC_ISA_USAGE = YES_ERROR;
				CLANG_WARN_EMPTY_BODY = YES;
				CLANG_WARN_ENUM_CONVERSION = YES;
				CLANG_WARN_INT_CONVERSION = YES;
				CLANG_WARN_OBJC_ROOT_CLASS = YES_ERROR;
				CLANG_WARN_UNREACHABLE_CODE = YES;
				CLANG_WARN__DUPLICATE_METHOD_MATCH = YES;
				"CODE_SIGN_IDENTITY[sdk=iphoneos*]" = "iPhone Developer";
				COPY_PHASE_STRIP = NO;
				DEBUG_INFORMATION_FORMAT = dwarf;
				ENABLE_STRICT_OBJC_MSGSEND = YES;
				ENABLE_TESTABILITY = YES;
				GCC_C_LANGUAGE_STANDARD = gnu99;
				GCC_DYNAMIC_NO_PIC = NO;
				GCC_NO_COMMON_BLOCKS = YES;
				GCC_OPTIMIZATION_LEVEL = 0;
				GCC_PREPROCESSOR_DEFINITIONS = (
					"DEBUG=1",
					"$(inherited)",
				);
				GCC_WARN_64_TO_32_BIT_CONVERSION = YES;
				GCC_WARN_ABOUT_RETURN_TYPE = YES_ERROR;
				GCC_WARN_UNDECLARED_SELECTOR = YES;
				GCC_WARN_UNINITIALIZED_AUTOS = YES_AGGRESSIVE;
				GCC_WARN_UNUSED_FUNCTION = YES;
				GCC_WARN_UNUSED_VARIABLE = YES;
				IPHONEOS_DEPLOYMENT_TARGET = 9.2;
				MTL_ENABLE_DEBUG_INFO = YES;
				ONLY_ACTIVE_ARCH = YES;
				SDKROOT = iphoneos;
				SWIFT_OPTIMIZATION_LEVEL = "-Onone";
			};
			name = Debug;
		};
		219F47A61C4E504C00D0BAE5 /* Release */ = {
			isa = XCBuildConfiguration;
			buildSettings = {
				ALWAYS_SEARCH_USER_PATHS = NO;
				CLANG_CXX_LANGUAGE_STANDARD = "gnu++0x";
				CLANG_CXX_LIBRARY = "libc++";
				CLANG_ENABLE_MODULES = YES;
				CLANG_ENABLE_OBJC_ARC = YES;
				CLANG_WARN_BOOL_CONVERSION = YES;
				CLANG_WARN_CONSTANT_CONVERSION = YES;
				CLANG_WARN_DIRECT_OBJC_ISA_USAGE = YES_ERROR;
				CLANG_WARN_EMPTY_BODY = YES;
				CLANG_WARN_ENUM_CONVERSION = YES;
				CLANG_WARN_INT_CONVERSION = YES;
				CLANG_WARN_OBJC_ROOT_CLASS = YES_ERROR;
				CLANG_WARN_UNREACHABLE_CODE = YES;
				CLANG_WARN__DUPLICATE_METHOD_MATCH = YES;
				"CODE_SIGN_IDENTITY[sdk=iphoneos*]" = "iPhone Developer";
				COPY_PHASE_STRIP = NO;
				DEBUG_INFORMATION_FORMAT = "dwarf-with-dsym";
				ENABLE_NS_ASSERTIONS = NO;
				ENABLE_STRICT_OBJC_MSGSEND = YES;
				GCC_C_LANGUAGE_STANDARD = gnu99;
				GCC_NO_COMMON_BLOCKS = YES;
				GCC_WARN_64_TO_32_BIT_CONVERSION = YES;
				GCC_WARN_ABOUT_RETURN_TYPE = YES_ERROR;
				GCC_WARN_UNDECLARED_SELECTOR = YES;
				GCC_WARN_UNINITIALIZED_AUTOS = YES_AGGRESSIVE;
				GCC_WARN_UNUSED_FUNCTION = YES;
				GCC_WARN_UNUSED_VARIABLE = YES;
				IPHONEOS_DEPLOYMENT_TARGET = 9.2;
				MTL_ENABLE_DEBUG_INFO = NO;
				SDKROOT = iphoneos;
				VALIDATE_PRODUCT = YES;
			};
			name = Release;
		};
		219F47A81C4E504C00D0BAE5 /* Debug */ = {
			isa = XCBuildConfiguration;
			buildSettings = {
				ASSETCATALOG_COMPILER_APPICON_NAME = AppIcon;
				INFOPLIST_FILE = "All Sunsets/Info.plist";
				LD_RUNPATH_SEARCH_PATHS = "$(inherited) @executable_path/Frameworks";
				PRODUCT_BUNDLE_IDENTIFIER = "org.kamps.All-Sunsets";
				PRODUCT_NAME = "$(TARGET_NAME)";
			};
			name = Debug;
		};
		219F47A91C4E504C00D0BAE5 /* Release */ = {
			isa = XCBuildConfiguration;
			buildSettings = {
				ASSETCATALOG_COMPILER_APPICON_NAME = AppIcon;
				INFOPLIST_FILE = "All Sunsets/Info.plist";
				LD_RUNPATH_SEARCH_PATHS = "$(inherited) @executable_path/Frameworks";
				PRODUCT_BUNDLE_IDENTIFIER = "org.kamps.All-Sunsets";
				PRODUCT_NAME = "$(TARGET_NAME)";
			};
			name = Release;
		};
/* End XCBuildConfiguration section */

/* Begin XCConfigurationList section */
		219F47901C4E504C00D0BAE5 /* Build configuration list for PBXProject "All Sunsets" */ = {
			isa = XCConfigurationList;
			buildConfigurations = (
				219F47A51C4E504C00D0BAE5 /* Debug */,
				219F47A61C4E504C00D0BAE5 /* Release */,
			);
			defaultConfigurationIsVisible = 0;
			defaultConfigurationName = Release;
		};
		219F47A71C4E504C00D0BAE5 /* Build configuration list for PBXNativeTarget "All Sunsets" */ = {
			isa = XCConfigurationList;
			buildConfigurations = (
				219F47A81C4E504C00D0BAE5 /* Debug */,
				219F47A91C4E504C00D0BAE5 /* Release */,
			);
			defaultConfigurationIsVisible = 0;
			defaultConfigurationName = Release;
		};
/* End XCConfigurationList section */
	};
	rootObject = 219F478D1C4E504C00D0BAE5 /* Project object */;
}
